
Microsoft Visual Studio Solution File, Format Version 12.00
Project("{FAE04EC0-301F-11D3-BF4B-00C04F79EFBC}") = "FlightTickets", "FlightTickets.csproj", "{F85FD711-0573-4D93-BA0E-A2F4AC832009}"
EndProject
Global
	GlobalSection(SolutionConfigurationPlatforms) = preSolution
		Debug|Any CPU = Debug|Any CPU
		Release|Any CPU = Release|Any CPU
	EndGlobalSection
	GlobalSection(ProjectConfigurationPlatforms) = postSolution
		{F85FD711-0573-4D93-BA0E-A2F4AC832009}.Debug|Any CPU.ActiveCfg = Debug|Any CPU
		{F85FD711-0573-4D93-BA0E-A2F4AC832009}.Debug|Any CPU.Build.0 = Debug|Any CPU
		{F85FD711-0573-4D93-BA0E-A2F4AC832009}.Release|Any CPU.ActiveCfg = Release|Any CPU
		{F85FD711-0573-4D93-BA0E-A2F4AC832009}.Release|Any CPU.Build.0 = Release|Any CPU
	EndGlobalSection
EndGlobal
